#
# This file is autogenerated by pip-compile with Python 3.9
# by the following command:
#
#    pip-compile --output-file='.\quick_shell_rce_tool\requirements.lock' '.\quick_shell_rce_tool\requirements.txt'
#
async-timeout==4.0.3
    # via
    #   bleak
    #   zeroconf
bleak==0.22.2
    # via -r .\quick_shell_rce_tool\requirements.txt
bleak-winrt==1.2.0
    # via bleak
ifaddr==0.2.0
    # via zeroconf
parse==1.20.2
    # via -r .\quick_shell_rce_tool\requirements.txt
pydivert==2.1.0
    # via -r .\quick_shell_rce_tool\requirements.txt
pyyaml==6.0.2
    # via -r .\quick_shell_rce_tool\requirements.txt
scapy==2.5.0
    # via -r .\quick_shell_rce_tool\requirements.txt
typing-extensions==4.12.2
    # via bleak
zeroconf==0.132.2
    # via -r .\quick_shell_rce_tool\requirements.txt
